
Microsoft Visual Studio Solution File, Format Version 12.00
# Visual Studio Version 17
VisualStudioVersion = 17.0.31903.59
MinimumVisualStudioVersion = 10.0.40219.1
Project("{2150E333-8FDC-42A3-9474-1A3956D46DE8}") = "src", "src", "{827E0CD3-B72D-47B6-A68D-7590B98EB39B}"
EndProject
Project("{FAE04EC0-301F-11D3-BF4B-00C04F79EFBC}") = "SonglistSpinner.Desktop", "src\SonglistSpinner.Desktop\SonglistSpinner.Desktop.csproj", "{E4B79BA4-B834-4AC9-88F3-3140B9463765}"
EndProject
Project("{FAE04EC0-301F-11D3-BF4B-00C04F79EFBC}") = "SonglistSpinner.Core", "src\SonglistSpinner.Core\SonglistSpinner.Core.csproj", "{216B7F9D-612E-4297-8629-BDA5FF7B8C8A}"
EndProject
Project("{2150E333-8FDC-42A3-9474-1A3956D46DE8}") = "tests", "tests", "{0AB3BF05-4346-4AA6-1389-037BE0695223}"
EndProject
Project("{FAE04EC0-301F-11D3-BF4B-00C04F79EFBC}") = "SonglistSpinner.Core.Tests", "tests\SonglistSpinner.Core.Tests\SonglistSpinner.Core.Tests.csproj", "{FD5F5BDB-C34C-4A30-9196-5AEF53F61626}"
EndProject
Global
	GlobalSection(SolutionConfigurationPlatforms) = preSolution
		Debug|Any CPU = Debug|Any CPU
		Debug|x64 = Debug|x64
		Debug|x86 = Debug|x86
		Release|Any CPU = Release|Any CPU
		Release|x64 = Release|x64
		Release|x86 = Release|x86
	EndGlobalSection
	GlobalSection(ProjectConfigurationPlatforms) = postSolution
		{E4B79BA4-B834-4AC9-88F3-3140B9463765}.Debug|Any CPU.ActiveCfg = Debug|Any CPU
		{E4B79BA4-B834-4AC9-88F3-3140B9463765}.Debug|Any CPU.Build.0 = Debug|Any CPU
		{E4B79BA4-B834-4AC9-88F3-3140B9463765}.Debug|x64.ActiveCfg = Debug|Any CPU
		{E4B79BA4-B834-4AC9-88F3-3140B9463765}.Debug|x64.Build.0 = Debug|Any CPU
		{E4B79BA4-B834-4AC9-88F3-3140B9463765}.Debug|x86.ActiveCfg = Debug|Any CPU
		{E4B79BA4-B834-4AC9-88F3-3140B9463765}.Debug|x86.Build.0 = Debug|Any CPU
		{E4B79BA4-B834-4AC9-88F3-3140B9463765}.Release|Any CPU.ActiveCfg = Release|Any CPU
		{E4B79BA4-B834-4AC9-88F3-3140B9463765}.Release|Any CPU.Build.0 = Release|Any CPU
		{E4B79BA4-B834-4AC9-88F3-3140B9463765}.Release|x64.ActiveCfg = Release|Any CPU
		{E4B79BA4-B834-4AC9-88F3-3140B9463765}.Release|x64.Build.0 = Release|Any CPU
		{E4B79BA4-B834-4AC9-88F3-3140B9463765}.Release|x86.ActiveCfg = Release|Any CPU
		{E4B79BA4-B834-4AC9-88F3-3140B9463765}.Release|x86.Build.0 = Release|Any CPU
		{216B7F9D-612E-4297-8629-BDA5FF7B8C8A}.Debug|Any CPU.ActiveCfg = Debug|Any CPU
		{216B7F9D-612E-4297-8629-BDA5FF7B8C8A}.Debug|Any CPU.Build.0 = Debug|Any CPU
		{216B7F9D-612E-4297-8629-BDA5FF7B8C8A}.Debug|x64.ActiveCfg = Debug|Any CPU
		{216B7F9D-612E-4297-8629-BDA5FF7B8C8A}.Debug|x64.Build.0 = Debug|Any CPU
		{216B7F9D-612E-4297-8629-BDA5FF7B8C8A}.Debug|x86.ActiveCfg = Debug|Any CPU
		{216B7F9D-612E-4297-8629-BDA5FF7B8C8A}.Debug|x86.Build.0 = Debug|Any CPU
		{216B7F9D-612E-4297-8629-BDA5FF7B8C8A}.Release|Any CPU.ActiveCfg = Release|Any CPU
		{216B7F9D-612E-4297-8629-BDA5FF7B8C8A}.Release|Any CPU.Build.0 = Release|Any CPU
		{216B7F9D-612E-4297-8629-BDA5FF7B8C8A}.Release|x64.ActiveCfg = Release|Any CPU
		{216B7F9D-612E-4297-8629-BDA5FF7B8C8A}.Release|x64.Build.0 = Release|Any CPU
		{216B7F9D-612E-4297-8629-BDA5FF7B8C8A}.Release|x86.ActiveCfg = Release|Any CPU
		{216B7F9D-612E-4297-8629-BDA5FF7B8C8A}.Release|x86.Build.0 = Release|Any CPU
		{FD5F5BDB-C34C-4A30-9196-5AEF53F61626}.Debug|Any CPU.ActiveCfg = Debug|Any CPU
		{FD5F5BDB-C34C-4A30-9196-5AEF53F61626}.Debug|Any CPU.Build.0 = Debug|Any CPU
		{FD5F5BDB-C34C-4A30-9196-5AEF53F61626}.Debug|x64.ActiveCfg = Debug|Any CPU
		{FD5F5BDB-C34C-4A30-9196-5AEF53F61626}.Debug|x64.Build.0 = Debug|Any CPU
		{FD5F5BDB-C34C-4A30-9196-5AEF53F61626}.Debug|x86.ActiveCfg = Debug|Any CPU
		{FD5F5BDB-C34C-4A30-9196-5AEF53F61626}.Debug|x86.Build.0 = Debug|Any CPU
		{FD5F5BDB-C34C-4A30-9196-5AEF53F61626}.Release|Any CPU.ActiveCfg = Release|Any CPU
		{FD5F5BDB-C34C-4A30-9196-5AEF53F61626}.Release|Any CPU.Build.0 = Release|Any CPU
		{FD5F5BDB-C34C-4A30-9196-5AEF53F61626}.Release|x64.ActiveCfg = Release|Any CPU
		{FD5F5BDB-C34C-4A30-9196-5AEF53F61626}.Release|x64.Build.0 = Release|Any CPU
		{FD5F5BDB-C34C-4A30-9196-5AEF53F61626}.Release|x86.ActiveCfg = Release|Any CPU
		{FD5F5BDB-C34C-4A30-9196-5AEF53F61626}.Release|x86.Build.0 = Release|Any CPU
	EndGlobalSection
	GlobalSection(SolutionProperties) = preSolution
		HideSolutionNode = FALSE
	EndGlobalSection
	GlobalSection(NestedProjects) = preSolution
		{E4B79BA4-B834-4AC9-88F3-3140B9463765} = {827E0CD3-B72D-47B6-A68D-7590B98EB39B}
		{216B7F9D-612E-4297-8629-BDA5FF7B8C8A} = {827E0CD3-B72D-47B6-A68D-7590B98EB39B}
		{FD5F5BDB-C34C-4A30-9196-5AEF53F61626} = {0AB3BF05-4346-4AA6-1389-037BE0695223}
	EndGlobalSection
EndGlobal
